
Microsoft Visual Studio Solution File, Format Version 12.00
# Visual Studio Version 17
VisualStudioVersion = 17.6.33829.357
MinimumVisualStudioVersion = 10.0.40219.1
Project("{9A19103F-16F7-4668-BE54-9A1E7A4F7556}") = "ConsoleApp", "ConsoleApp\ConsoleApp.csproj", "{7E3C4EBB-0FB2-4FB5-A115-8895D6B7007E}"
EndProject
Project("{9A19103F-16F7-4668-BE54-9A1E7A4F7556}") = "LinkedListLibrary", "LinkedListLibrary\LinkedListLibrary.csproj", "{3C19794F-322D-4FE4-8A00-7DC6C5EFDA14}"
EndProject
Project("{9A19103F-16F7-4668-BE54-9A1E7A4F7556}") = "StackLibrary", "StackLibrary\StackLibrary.csproj", "{BE46EC35-741D-4585-9795-ED3338ED8CFB}"
EndProject
Project("{9A19103F-16F7-4668-BE54-9A1E7A4F7556}") = "PostFixCalculator", "PostFixCalculator\PostFixCalculator.csproj", "{2AB3D874-B198-400E-A4AD-11258F9912A4}"
EndProject
Project("{9A19103F-16F7-4668-BE54-9A1E7A4F7556}") = "StackWithArrayLibrary", "StackWithArrayLibrary\StackWithArrayLibrary.csproj", "{E34CBB0C-4B24-4DD5-BFEA-D542126C563C}"
EndProject
Project("{9A19103F-16F7-4668-BE54-9A1E7A4F7556}") = "ColorConverterWpf", "ColorConverterWpf\ColorConverterWpf.csproj", "{F4249D6D-7ABB-4A77-90EB-DBBCBBE87B7A}"
EndProject
Project("{9A19103F-16F7-4668-BE54-9A1E7A4F7556}") = "QueueProject", "QueueDataStr\QueueProject.csproj", "{BD2B1284-CF5B-4AB4-B8B4-B3EF111ED096}"
EndProject
Project("{9A19103F-16F7-4668-BE54-9A1E7A4F7556}") = "QueueLibrary", "CustomQueueLibrary\QueueLibrary.csproj", "{4BD35C1B-F3F3-4465-A198-6032A2BFE157}"
EndProject
Project("{9A19103F-16F7-4668-BE54-9A1E7A4F7556}") = "QueueWpf", "QueueWpf\QueueWpf.csproj", "{625D25C5-F109-4EAF-B6CC-AE00BECF0D8E}"
EndProject
Project("{FAE04EC0-301F-11D3-BF4B-00C04F79EFBC}") = "QueueWithArrayLibrary", "QueueWithArrayLibrary\QueueWithArrayLibrary.csproj", "{2A259584-DCA4-4FCD-9D08-51F9032098AE}"
EndProject
Global
	GlobalSection(SolutionConfigurationPlatforms) = preSolution
		Debug|Any CPU = Debug|Any CPU
		Release|Any CPU = Release|Any CPU
	EndGlobalSection
	GlobalSection(ProjectConfigurationPlatforms) = postSolution
		{7E3C4EBB-0FB2-4FB5-A115-8895D6B7007E}.Debug|Any CPU.ActiveCfg = Debug|Any CPU
		{7E3C4EBB-0FB2-4FB5-A115-8895D6B7007E}.Debug|Any CPU.Build.0 = Debug|Any CPU
		{7E3C4EBB-0FB2-4FB5-A115-8895D6B7007E}.Release|Any CPU.ActiveCfg = Release|Any CPU
		{7E3C4EBB-0FB2-4FB5-A115-8895D6B7007E}.Release|Any CPU.Build.0 = Release|Any CPU
		{3C19794F-322D-4FE4-8A00-7DC6C5EFDA14}.Debug|Any CPU.ActiveCfg = Debug|Any CPU
		{3C19794F-322D-4FE4-8A00-7DC6C5EFDA14}.Debug|Any CPU.Build.0 = Debug|Any CPU
		{3C19794F-322D-4FE4-8A00-7DC6C5EFDA14}.Release|Any CPU.ActiveCfg = Release|Any CPU
		{3C19794F-322D-4FE4-8A00-7DC6C5EFDA14}.Release|Any CPU.Build.0 = Release|Any CPU
		{BE46EC35-741D-4585-9795-ED3338ED8CFB}.Debug|Any CPU.ActiveCfg = Debug|Any CPU
		{BE46EC35-741D-4585-9795-ED3338ED8CFB}.Debug|Any CPU.Build.0 = Debug|Any CPU
		{BE46EC35-741D-4585-9795-ED3338ED8CFB}.Release|Any CPU.ActiveCfg = Release|Any CPU
		{BE46EC35-741D-4585-9795-ED3338ED8CFB}.Release|Any CPU.Build.0 = Release|Any CPU
		{2AB3D874-B198-400E-A4AD-11258F9912A4}.Debug|Any CPU.ActiveCfg = Debug|Any CPU
		{2AB3D874-B198-400E-A4AD-11258F9912A4}.Debug|Any CPU.Build.0 = Debug|Any CPU
		{2AB3D874-B198-400E-A4AD-11258F9912A4}.Release|Any CPU.ActiveCfg = Release|Any CPU
		{2AB3D874-B198-400E-A4AD-11258F9912A4}.Release|Any CPU.Build.0 = Release|Any CPU
		{E34CBB0C-4B24-4DD5-BFEA-D542126C563C}.Debug|Any CPU.ActiveCfg = Debug|Any CPU
		{E34CBB0C-4B24-4DD5-BFEA-D542126C563C}.Debug|Any CPU.Build.0 = Debug|Any CPU
		{E34CBB0C-4B24-4DD5-BFEA-D542126C563C}.Release|Any CPU.ActiveCfg = Release|Any CPU
		{E34CBB0C-4B24-4DD5-BFEA-D542126C563C}.Release|Any CPU.Build.0 = Release|Any CPU
		{F4249D6D-7ABB-4A77-90EB-DBBCBBE87B7A}.Debug|Any CPU.ActiveCfg = Debug|Any CPU
		{F4249D6D-7ABB-4A77-90EB-DBBCBBE87B7A}.Debug|Any CPU.Build.0 = Debug|Any CPU
		{F4249D6D-7ABB-4A77-90EB-DBBCBBE87B7A}.Release|Any CPU.ActiveCfg = Release|Any CPU
		{F4249D6D-7ABB-4A77-90EB-DBBCBBE87B7A}.Release|Any CPU.Build.0 = Release|Any CPU
		{BD2B1284-CF5B-4AB4-B8B4-B3EF111ED096}.Debug|Any CPU.ActiveCfg = Debug|Any CPU
		{BD2B1284-CF5B-4AB4-B8B4-B3EF111ED096}.Debug|Any CPU.Build.0 = Debug|Any CPU
		{BD2B1284-CF5B-4AB4-B8B4-B3EF111ED096}.Release|Any CPU.ActiveCfg = Release|Any CPU
		{BD2B1284-CF5B-4AB4-B8B4-B3EF111ED096}.Release|Any CPU.Build.0 = Release|Any CPU
		{4BD35C1B-F3F3-4465-A198-6032A2BFE157}.Debug|Any CPU.ActiveCfg = Debug|Any CPU
		{4BD35C1B-F3F3-4465-A198-6032A2BFE157}.Debug|Any CPU.Build.0 = Debug|Any CPU
		{4BD35C1B-F3F3-4465-A198-6032A2BFE157}.Release|Any CPU.ActiveCfg = Release|Any CPU
		{4BD35C1B-F3F3-4465-A198-6032A2BFE157}.Release|Any CPU.Build.0 = Release|Any CPU
		{625D25C5-F109-4EAF-B6CC-AE00BECF0D8E}.Debug|Any CPU.ActiveCfg = Debug|Any CPU
		{625D25C5-F109-4EAF-B6CC-AE00BECF0D8E}.Debug|Any CPU.Build.0 = Debug|Any CPU
		{625D25C5-F109-4EAF-B6CC-AE00BECF0D8E}.Release|Any CPU.ActiveCfg = Release|Any CPU
		{625D25C5-F109-4EAF-B6CC-AE00BECF0D8E}.Release|Any CPU.Build.0 = Release|Any CPU
		{2A259584-DCA4-4FCD-9D08-51F9032098AE}.Debug|Any CPU.ActiveCfg = Debug|Any CPU
		{2A259584-DCA4-4FCD-9D08-51F9032098AE}.Debug|Any CPU.Build.0 = Debug|Any CPU
		{2A259584-DCA4-4FCD-9D08-51F9032098AE}.Release|Any CPU.ActiveCfg = Release|Any CPU
		{2A259584-DCA4-4FCD-9D08-51F9032098AE}.Release|Any CPU.Build.0 = Release|Any CPU
	EndGlobalSection
	GlobalSection(SolutionProperties) = preSolution
		HideSolutionNode = FALSE
	EndGlobalSection
	GlobalSection(ExtensibilityGlobals) = postSolution
		SolutionGuid = {42415A37-AE4E-431D-9BEF-814DAA2F0DF0}
	EndGlobalSection
EndGlobal
